{
  "name": "biome-config-godaddy",
  "version": "1.0.0",
  "lockfileVersion": 3,
  "requires": true,
  "packages": {
    "": {
      "name": "biome-config-godaddy",
      "version": "1.0.0",
      "license": "MIT",
      "devDependencies": {
        "@biomejs/biome": "^2.2.5"
      },
      "peerDependencies": {
        "@biomejs/biome": "^2.2.5"
      }
    },
    "node_modules/@biomejs/biome": {
      "version": "2.2.5",
      "resolved": "https://registry.npmjs.org/@biomejs/biome/-/biome-2.2.5.tgz",
      "integrity": "sha512-zcIi+163Rc3HtyHbEO7CjeHq8DjQRs40HsGbW6vx2WI0tg8mYQOPouhvHSyEnCBAorfYNnKdR64/IxO7xQ5faw==",
      "dev": true,
      "license": "MIT OR Apache-2.0",
      "bin": {
        "biome": "bin/biome"
      },
      "engines": {
        "node": ">=14.21.3"
      },
      "funding": {
        "type": "opencollective",
        "url": "https://opencollective.com/biome"
      },
      "optionalDependencies": {
        "@biomejs/cli-darwin-arm64": "2.2.5",
        "@biomejs/cli-darwin-x64": "2.2.5",
        "@biomejs/cli-linux-arm64": "2.2.5",
        "@biomejs/cli-linux-arm64-musl": "2.2.5",
        "@biomejs/cli-linux-x64": "2.2.5",
        "@biomejs/cli-linux-x64-musl": "2.2.5",
        "@biomejs/cli-win32-arm64": "2.2.5",
        "@biomejs/cli-win32-x64": "2.2.5"
      }
    },
    "node_modules/@biomejs/cli-darwin-arm64": {
      "version": "2.2.5",
      "resolved": "https://registry.npmjs.org/@biomejs/cli-darwin-arm64/-/cli-darwin-arm64-2.2.5.tgz",
      "integrity": "sha512-MYT+nZ38wEIWVcL5xLyOhYQQ7nlWD0b/4mgATW2c8dvq7R4OQjt/XGXFkXrmtWmQofaIM14L7V8qIz/M+bx5QQ==",
      "cpu": [
        "arm64"
      ],
      "dev": true,
      "license": "MIT OR Apache-2.0",
      "optional": true,
      "os": [
        "darwin"
      ],
      "engines": {
        "node": ">=14.21.3"
      }
    },
    "node_modules/@biomejs/cli-darwin-x64": {
      "version": "2.2.5",
      "resolved": "https://registry.npmjs.org/@biomejs/cli-darwin-x64/-/cli-darwin-x64-2.2.5.tgz",
      "integrity": "sha512-FLIEl73fv0R7dI10EnEiZLw+IMz3mWLnF95ASDI0kbx6DDLJjWxE5JxxBfmG+udz1hIDd3fr5wsuP7nwuTRdAg==",
      "cpu": [
        "x64"
      ],
      "dev": true,
      "license": "MIT OR Apache-2.0",
      "optional": true,
      "os": [
        "darwin"
      ],
      "engines": {
        "node": ">=14.21.3"
      }
    },
    "node_modules/@biomejs/cli-linux-arm64": {
      "version": "2.2.5",
      "resolved": "https://registry.npmjs.org/@biomejs/cli-linux-arm64/-/cli-linux-arm64-2.2.5.tgz",
      "integrity": "sha512-5DjiiDfHqGgR2MS9D+AZ8kOfrzTGqLKywn8hoXpXXlJXIECGQ32t+gt/uiS2XyGBM2XQhR6ztUvbjZWeccFMoQ==",
      "cpu": [
        "arm64"
      ],
      "dev": true,
      "license": "MIT OR Apache-2.0",
      "optional": true,
      "os": [
        "linux"
      ],
      "engines": {
        "node": ">=14.21.3"
      }
    },
    "node_modules/@biomejs/cli-linux-arm64-musl": {
      "version": "2.2.5",
      "resolved": "https://registry.npmjs.org/@biomejs/cli-linux-arm64-musl/-/cli-linux-arm64-musl-2.2.5.tgz",
      "integrity": "sha512-5Ov2wgAFwqDvQiESnu7b9ufD1faRa+40uwrohgBopeY84El2TnBDoMNXx6iuQdreoFGjwW8vH6k68G21EpNERw==",
      "cpu": [
        "arm64"
      ],
      "dev": true,
      "license": "MIT OR Apache-2.0",
      "optional": true,
      "os": [
        "linux"
      ],
      "engines": {
        "node": ">=14.21.3"
      }
    },
    "node_modules/@biomejs/cli-linux-x64": {
      "version": "2.2.5",
      "resolved": "https://registry.npmjs.org/@biomejs/cli-linux-x64/-/cli-linux-x64-2.2.5.tgz",
      "integrity": "sha512-fq9meKm1AEXeAWan3uCg6XSP5ObA6F/Ovm89TwaMiy1DNIwdgxPkNwxlXJX8iM6oRbFysYeGnT0OG8diCWb9ew==",
      "cpu": [
        "x64"
      ],
      "dev": true,
      "license": "MIT OR Apache-2.0",
      "optional": true,
      "os": [
        "linux"
      ],
      "engines": {
        "node": ">=14.21.3"
      }
    },
    "node_modules/@biomejs/cli-linux-x64-musl": {
      "version": "2.2.5",
      "resolved": "https://registry.npmjs.org/@biomejs/cli-linux-x64-musl/-/cli-linux-x64-musl-2.2.5.tgz",
      "integrity": "sha512-AVqLCDb/6K7aPNIcxHaTQj01sl1m989CJIQFQEaiQkGr2EQwyOpaATJ473h+nXDUuAcREhccfRpe/tu+0wu0eQ==",
      "cpu": [
        "x64"
      ],
      "dev": true,
      "license": "MIT OR Apache-2.0",
      "optional": true,
      "os": [
        "linux"
      ],
      "engines": {
        "node": ">=14.21.3"
      }
    },
    "node_modules/@biomejs/cli-win32-arm64": {
      "version": "2.2.5",
      "resolved": "https://registry.npmjs.org/@biomejs/cli-win32-arm64/-/cli-win32-arm64-2.2.5.tgz",
      "integrity": "sha512-xaOIad4wBambwJa6mdp1FigYSIF9i7PCqRbvBqtIi9y29QtPVQ13sDGtUnsRoe6SjL10auMzQ6YAe+B3RpZXVg==",
      "cpu": [
        "arm64"
      ],
      "dev": true,
      "license": "MIT OR Apache-2.0",
      "optional": true,
      "os": [
        "win32"
      ],
      "engines": {
        "node": ">=14.21.3"
      }
    },
    "node_modules/@biomejs/cli-win32-x64": {
      "version": "2.2.5",
      "resolved": "https://registry.npmjs.org/@biomejs/cli-win32-x64/-/cli-win32-x64-2.2.5.tgz",
      "integrity": "sha512-F/jhuXCssPFAuciMhHKk00xnCAxJRS/pUzVfXYmOMUp//XW7mO6QeCjsjvnm8L4AO/dG2VOB0O+fJPiJ2uXtIw==",
      "cpu": [
        "x64"
      ],
      "dev": true,
      "license": "MIT OR Apache-2.0",
      "optional": true,
      "os": [
        "win32"
      ],
      "engines": {
        "node": ">=14.21.3"
      }
    }
  }
}
