{
  "name": "eslint-config-godaddy-react",
  "version": "8.0.0",
  "lockfileVersion": 1,
  "requires": true,
  "dependencies": {
    "@babel/eslint-parser": {
      "version": "7.16.5",
      "resolved": "https://artifactory.secureserver.net/artifactory/api/npm/node-virt/@babel/eslint-parser/-/eslint-parser-7.16.5.tgz",
      "integrity": "sha1-SNNIUJHW42kVNY5MDQsuvm2pBGI=",
      "requires": {
        "eslint-scope": "^5.1.1",
        "eslint-visitor-keys": "^2.1.0",
        "semver": "^6.3.0"
      }
    },
    "@babel/runtime": {
      "version": "7.16.7",
      "resolved": "https://artifactory.secureserver.net/artifactory/api/npm/node-virt/@babel/runtime/-/runtime-7.16.7.tgz",
      "integrity": "sha1-A/+Z9kEGWIycQDxuy4w7r7vf8fo=",
      "requires": {
        "regenerator-runtime": "^0.13.4"
      }
    },
    "@babel/runtime-corejs3": {
      "version": "7.16.8",
      "resolved": "https://artifactory.secureserver.net/artifactory/api/npm/node-virt/@babel/runtime-corejs3/-/runtime-corejs3-7.16.8.tgz",
      "integrity": "sha1-6lM9lu2m/cdrGBIkjp+9DBHUoac=",
      "requires": {
        "core-js-pure": "^3.20.2",
        "regenerator-runtime": "^0.13.4"
      }
    },
    "aria-query": {
      "version": "4.2.2",
      "resolved": "https://artifactory.secureserver.net/artifactory/api/npm/node-virt/aria-query/-/aria-query-4.2.2.tgz",
      "integrity": "sha1-DSymyazrVriXfp/tau1+FbvS+Ds=",
      "requires": {
        "@babel/runtime": "^7.10.2",
        "@babel/runtime-corejs3": "^7.10.2"
      }
    },
    "array-includes": {
      "version": "3.1.4",
      "resolved": "https://artifactory.secureserver.net/artifactory/api/npm/node-virt/array-includes/-/array-includes-3.1.4.tgz",
      "integrity": "sha1-9bSTFix2DzU5Yx8AW6K7Rqy0W6k=",
      "requires": {
        "call-bind": "^1.0.2",
        "define-properties": "^1.1.3",
        "es-abstract": "^1.19.1",
        "get-intrinsic": "^1.1.1",
        "is-string": "^1.0.7"
      }
    },
    "array.prototype.flatmap": {
      "version": "1.2.5",
      "resolved": "https://artifactory.secureserver.net/artifactory/api/npm/node-virt/array.prototype.flatmap/-/array.prototype.flatmap-1.2.5.tgz",
      "integrity": "sha1-kI3ILYpAaTD984WY1R50EdGNREY=",
      "requires": {
        "call-bind": "^1.0.0",
        "define-properties": "^1.1.3",
        "es-abstract": "^1.19.0"
      }
    },
    "ast-types-flow": {
      "version": "0.0.7",
      "resolved": "https://artifactory.secureserver.net/artifactory/api/npm/node-virt/ast-types-flow/-/ast-types-flow-0.0.7.tgz",
      "integrity": "sha1-9wtzXGvKGlycItmCw+Oef+ujva0="
    },
    "axe-core": {
      "version": "4.3.5",
      "resolved": "https://artifactory.secureserver.net/artifactory/api/npm/node-virt/axe-core/-/axe-core-4.3.5.tgz",
      "integrity": "sha1-eNaRG6MXqCYr/uKSrq/MHgS0nMU="
    },
    "axobject-query": {
      "version": "2.2.0",
      "resolved": "https://artifactory.secureserver.net/artifactory/api/npm/node-virt/axobject-query/-/axobject-query-2.2.0.tgz",
      "integrity": "sha1-lD1H4QwLcEqkInXiDt83ImSJib4="
    },
    "balanced-match": {
      "version": "1.0.2",
      "resolved": "https://artifactory.secureserver.net/artifactory/api/npm/node-virt/balanced-match/-/balanced-match-1.0.2.tgz",
      "integrity": "sha1-6D46fj8wCzTLnYf2FfoMvzV2kO4="
    },
    "brace-expansion": {
      "version": "1.1.11",
      "resolved": "https://artifactory.secureserver.net/artifactory/api/npm/node-virt/brace-expansion/-/brace-expansion-1.1.11.tgz",
      "integrity": "sha1-PH/L9SnYcibz0vUrlm/1Jx60Qd0=",
      "requires": {
        "balanced-match": "^1.0.0",
        "concat-map": "0.0.1"
      }
    },
    "call-bind": {
      "version": "1.0.2",
      "resolved": "https://artifactory.secureserver.net/artifactory/api/npm/node-virt/call-bind/-/call-bind-1.0.2.tgz",
      "integrity": "sha1-sdTonmiBGcPJqQOtMKuy9qkZvjw=",
      "requires": {
        "function-bind": "^1.1.1",
        "get-intrinsic": "^1.0.2"
      }
    },
    "concat-map": {
      "version": "0.0.1",
      "resolved": "https://artifactory.secureserver.net/artifactory/api/npm/node-virt/concat-map/-/concat-map-0.0.1.tgz",
      "integrity": "sha1-2Klr13/Wjfd5OnMDajug1UBdR3s="
    },
    "core-js-pure": {
      "version": "3.20.2",
      "resolved": "https://artifactory.secureserver.net/artifactory/api/npm/node-virt/core-js-pure/-/core-js-pure-3.20.2.tgz",
      "integrity": "sha1-XSY1ZfDjTO7szcRCL64+hMprjA8="
    },
    "damerau-levenshtein": {
      "version": "1.0.8",
      "resolved": "https://artifactory.secureserver.net/artifactory/api/npm/node-virt/damerau-levenshtein/-/damerau-levenshtein-1.0.8.tgz",
      "integrity": "sha1-tD0obMvTa8Wy9+1ByvLQq6H4puc="
    },
    "define-properties": {
      "version": "1.1.3",
      "resolved": "https://artifactory.secureserver.net/artifactory/api/npm/node-virt/define-properties/-/define-properties-1.1.3.tgz",
      "integrity": "sha1-z4jabL7ib+bbcJT2HYcMvYTO6fE=",
      "requires": {
        "object-keys": "^1.0.12"
      }
    },
    "doctrine": {
      "version": "2.1.0",
      "resolved": "https://artifactory.secureserver.net/artifactory/api/npm/node-virt/doctrine/-/doctrine-2.1.0.tgz",
      "integrity": "sha1-XNAfwQFiG0LEzX9dGmYkNxbT850=",
      "requires": {
        "esutils": "^2.0.2"
      }
    },
    "emoji-regex": {
      "version": "9.2.2",
      "resolved": "https://artifactory.secureserver.net/artifactory/api/npm/node-virt/emoji-regex/-/emoji-regex-9.2.2.tgz",
      "integrity": "sha1-hAyIA7DYBH9P8M+WMXazLU7z7XI="
    },
    "es-abstract": {
      "version": "1.19.1",
      "resolved": "https://artifactory.secureserver.net/artifactory/api/npm/node-virt/es-abstract/-/es-abstract-1.19.1.tgz",
      "integrity": "sha1-1IhXlodpFpWd547aoN9FZicRXsM=",
      "requires": {
        "call-bind": "^1.0.2",
        "es-to-primitive": "^1.2.1",
        "function-bind": "^1.1.1",
        "get-intrinsic": "^1.1.1",
        "get-symbol-description": "^1.0.0",
        "has": "^1.0.3",
        "has-symbols": "^1.0.2",
        "internal-slot": "^1.0.3",
        "is-callable": "^1.2.4",
        "is-negative-zero": "^2.0.1",
        "is-regex": "^1.1.4",
        "is-shared-array-buffer": "^1.0.1",
        "is-string": "^1.0.7",
        "is-weakref": "^1.0.1",
        "object-inspect": "^1.11.0",
        "object-keys": "^1.1.1",
        "object.assign": "^4.1.2",
        "string.prototype.trimend": "^1.0.4",
        "string.prototype.trimstart": "^1.0.4",
        "unbox-primitive": "^1.0.1"
      }
    },
    "es-to-primitive": {
      "version": "1.2.1",
      "resolved": "https://artifactory.secureserver.net/artifactory/api/npm/node-virt/es-to-primitive/-/es-to-primitive-1.2.1.tgz",
      "integrity": "sha1-5VzUyc3BiLzvsDs2bHNjI/xciYo=",
      "requires": {
        "is-callable": "^1.1.4",
        "is-date-object": "^1.0.1",
        "is-symbol": "^1.0.2"
      }
    },
    "eslint-config-godaddy": {
      "version": "5.0.1",
      "resolved": "https://artifactory.secureserver.net/artifactory/api/npm/node-virt/eslint-config-godaddy/-/eslint-config-godaddy-5.0.1.tgz",
      "integrity": "sha1-JS5EKjDm0wWz7BldDT1boYpHbTM=",
      "requires": {
        "eslint-plugin-json": "^2.0.1",
        "eslint-plugin-mocha": "^6.2.2"
      }
    },
    "eslint-plugin-json": {
      "version": "2.1.2",
      "resolved": "https://artifactory.secureserver.net/artifactory/api/npm/node-virt/eslint-plugin-json/-/eslint-plugin-json-2.1.2.tgz",
      "integrity": "sha1-W8HCIZhFg8DF/yHEiDhugmOmu7c=",
      "requires": {
        "lodash": "^4.17.19",
        "vscode-json-languageservice": "^3.7.0"
      }
    },
    "eslint-plugin-jsx-a11y": {
      "version": "6.5.1",
      "resolved": "https://artifactory.secureserver.net/artifactory/api/npm/node-virt/eslint-plugin-jsx-a11y/-/eslint-plugin-jsx-a11y-6.5.1.tgz",
      "integrity": "sha1-zb8t+QEEDKFAtuwUcVyYiInCptg=",
      "requires": {
        "@babel/runtime": "^7.16.3",
        "aria-query": "^4.2.2",
        "array-includes": "^3.1.4",
        "ast-types-flow": "^0.0.7",
        "axe-core": "^4.3.5",
        "axobject-query": "^2.2.0",
        "damerau-levenshtein": "^1.0.7",
        "emoji-regex": "^9.2.2",
        "has": "^1.0.3",
        "jsx-ast-utils": "^3.2.1",
        "language-tags": "^1.0.5",
        "minimatch": "^3.0.4"
      }
    },
    "eslint-plugin-mocha": {
      "version": "6.3.0",
      "resolved": "https://artifactory.secureserver.net/artifactory/api/npm/node-virt/eslint-plugin-mocha/-/eslint-plugin-mocha-6.3.0.tgz",
      "integrity": "sha1-cr/QalxDI+F+MO9BzXJgMOjNuP0=",
      "requires": {
        "eslint-utils": "^2.0.0",
        "ramda": "^0.27.0"
      }
    },
    "eslint-plugin-react": {
      "version": "7.28.0",
      "resolved": "https://artifactory.secureserver.net/artifactory/api/npm/node-virt/eslint-plugin-react/-/eslint-plugin-react-7.28.0.tgz",
      "integrity": "sha1-jz/0UGd1caZZznbvxtgLalJa298=",
      "requires": {
        "array-includes": "^3.1.4",
        "array.prototype.flatmap": "^1.2.5",
        "doctrine": "^2.1.0",
        "estraverse": "^5.3.0",
        "jsx-ast-utils": "^2.4.1 || ^3.0.0",
        "minimatch": "^3.0.4",
        "object.entries": "^1.1.5",
        "object.fromentries": "^2.0.5",
        "object.hasown": "^1.1.0",
        "object.values": "^1.1.5",
        "prop-types": "^15.7.2",
        "resolve": "^2.0.0-next.3",
        "semver": "^6.3.0",
        "string.prototype.matchall": "^4.0.6"
      },
      "dependencies": {
        "estraverse": {
          "version": "5.3.0",
          "resolved": "https://artifactory.secureserver.net/artifactory/api/npm/node-virt/estraverse/-/estraverse-5.3.0.tgz",
          "integrity": "sha1-LupSkHAvJquP5TcDcP+GyWXSESM="
        }
      }
    },
    "eslint-plugin-react-hooks": {
      "version": "4.3.0",
      "resolved": "https://artifactory.secureserver.net/artifactory/api/npm/node-virt/eslint-plugin-react-hooks/-/eslint-plugin-react-hooks-4.3.0.tgz",
      "integrity": "sha1-MY2/MS4G+rHINaSr7wASF1GsEXI="
    },
    "eslint-scope": {
      "version": "5.1.1",
      "resolved": "https://artifactory.secureserver.net/artifactory/api/npm/node-virt/eslint-scope/-/eslint-scope-5.1.1.tgz",
      "integrity": "sha1-54blmmbLkrP2wfsNUIqrF0hI9Iw=",
      "requires": {
        "esrecurse": "^4.3.0",
        "estraverse": "^4.1.1"
      }
    },
    "eslint-utils": {
      "version": "2.1.0",
      "resolved": "https://artifactory.secureserver.net/artifactory/api/npm/node-virt/eslint-utils/-/eslint-utils-2.1.0.tgz",
      "integrity": "sha1-0t5eA0JOcH3BDHQGjd7a5wh0Gyc=",
      "requires": {
        "eslint-visitor-keys": "^1.1.0"
      },
      "dependencies": {
        "eslint-visitor-keys": {
          "version": "1.3.0",
          "resolved": "https://artifactory.secureserver.net/artifactory/api/npm/node-virt/eslint-visitor-keys/-/eslint-visitor-keys-1.3.0.tgz",
          "integrity": "sha1-MOvR73wv3/AcOk8VEESvJfqwUj4="
        }
      }
    },
    "eslint-visitor-keys": {
      "version": "2.1.0",
      "resolved": "https://artifactory.secureserver.net/artifactory/api/npm/node-virt/eslint-visitor-keys/-/eslint-visitor-keys-2.1.0.tgz",
      "integrity": "sha1-9lMoJZMFknOSyTjtROsKXJsr0wM="
    },
    "esrecurse": {
      "version": "4.3.0",
      "resolved": "https://artifactory.secureserver.net/artifactory/api/npm/node-virt/esrecurse/-/esrecurse-4.3.0.tgz",
      "integrity": "sha1-eteWTWeauyi+5yzsY3WLHF0smSE=",
      "requires": {
        "estraverse": "^5.2.0"
      },
      "dependencies": {
        "estraverse": {
          "version": "5.3.0",
          "resolved": "https://artifactory.secureserver.net/artifactory/api/npm/node-virt/estraverse/-/estraverse-5.3.0.tgz",
          "integrity": "sha1-LupSkHAvJquP5TcDcP+GyWXSESM="
        }
      }
    },
    "estraverse": {
      "version": "4.3.0",
      "resolved": "https://artifactory.secureserver.net/artifactory/api/npm/node-virt/estraverse/-/estraverse-4.3.0.tgz",
      "integrity": "sha1-OYrT88WiSUi+dyXoPRGn3ijNvR0="
    },
    "esutils": {
      "version": "2.0.3",
      "resolved": "https://artifactory.secureserver.net/artifactory/api/npm/node-virt/esutils/-/esutils-2.0.3.tgz",
      "integrity": "sha1-dNLrTeC42hKTcRkQ1Qd1ubcQ72Q="
    },
    "function-bind": {
      "version": "1.1.1",
      "resolved": "https://artifactory.secureserver.net/artifactory/api/npm/node-virt/function-bind/-/function-bind-1.1.1.tgz",
      "integrity": "sha1-pWiZ0+o8m6uHS7l3O3xe3pL0iV0="
    },
    "get-intrinsic": {
      "version": "1.1.1",
      "resolved": "https://artifactory.secureserver.net/artifactory/api/npm/node-virt/get-intrinsic/-/get-intrinsic-1.1.1.tgz",
      "integrity": "sha1-FfWfN2+FXERpY5SPDSTNNje0q8Y=",
      "requires": {
        "function-bind": "^1.1.1",
        "has": "^1.0.3",
        "has-symbols": "^1.0.1"
      }
    },
    "get-symbol-description": {
      "version": "1.0.0",
      "resolved": "https://artifactory.secureserver.net/artifactory/api/npm/node-virt/get-symbol-description/-/get-symbol-description-1.0.0.tgz",
      "integrity": "sha1-f9uByQAQH71WTdXxowr1qtweWNY=",
      "requires": {
        "call-bind": "^1.0.2",
        "get-intrinsic": "^1.1.1"
      }
    },
    "has": {
      "version": "1.0.3",
      "resolved": "https://artifactory.secureserver.net/artifactory/api/npm/node-virt/has/-/has-1.0.3.tgz",
      "integrity": "sha1-ci18v8H2qoJB8W3YFOAR4fQeh5Y=",
      "requires": {
        "function-bind": "^1.1.1"
      }
    },
    "has-bigints": {
      "version": "1.0.1",
      "resolved": "https://artifactory.secureserver.net/artifactory/api/npm/node-virt/has-bigints/-/has-bigints-1.0.1.tgz",
      "integrity": "sha1-ZP5qywIGc+O3jbA1pa9pqp0HsRM="
    },
    "has-symbols": {
      "version": "1.0.2",
      "resolved": "https://artifactory.secureserver.net/artifactory/api/npm/node-virt/has-symbols/-/has-symbols-1.0.2.tgz",
      "integrity": "sha1-Fl0wcMADCXUqEjakeTMeOsVvFCM="
    },
    "has-tostringtag": {
      "version": "1.0.0",
      "resolved": "https://artifactory.secureserver.net/artifactory/api/npm/node-virt/has-tostringtag/-/has-tostringtag-1.0.0.tgz",
      "integrity": "sha1-fhM4GKfTlHNPlB5zw9P5KR5liyU=",
      "requires": {
        "has-symbols": "^1.0.2"
      }
    },
    "internal-slot": {
      "version": "1.0.3",
      "resolved": "https://artifactory.secureserver.net/artifactory/api/npm/node-virt/internal-slot/-/internal-slot-1.0.3.tgz",
      "integrity": "sha1-c0fjB97uovqsKsYgXUvH00ln9Zw=",
      "requires": {
        "get-intrinsic": "^1.1.0",
        "has": "^1.0.3",
        "side-channel": "^1.0.4"
      }
    },
    "is-bigint": {
      "version": "1.0.4",
      "resolved": "https://artifactory.secureserver.net/artifactory/api/npm/node-virt/is-bigint/-/is-bigint-1.0.4.tgz",
      "integrity": "sha1-CBR6GHW8KzIAXUHM2Ckd/8ZpHfM=",
      "requires": {
        "has-bigints": "^1.0.1"
      }
    },
    "is-boolean-object": {
      "version": "1.1.2",
      "resolved": "https://artifactory.secureserver.net/artifactory/api/npm/node-virt/is-boolean-object/-/is-boolean-object-1.1.2.tgz",
      "integrity": "sha1-XG3CACRt2TIa5LiFoRS7H3X2Nxk=",
      "requires": {
        "call-bind": "^1.0.2",
        "has-tostringtag": "^1.0.0"
      }
    },
    "is-callable": {
      "version": "1.2.4",
      "resolved": "https://artifactory.secureserver.net/artifactory/api/npm/node-virt/is-callable/-/is-callable-1.2.4.tgz",
      "integrity": "sha1-RzAdWN0CWUB4ZVR4U99tYf5HGUU="
    },
    "is-core-module": {
      "version": "2.8.1",
      "resolved": "https://artifactory.secureserver.net/artifactory/api/npm/node-virt/is-core-module/-/is-core-module-2.8.1.tgz",
      "integrity": "sha1-9Z/fynAdWHnQprEApAqhVgzichE=",
      "requires": {
        "has": "^1.0.3"
      }
    },
    "is-date-object": {
      "version": "1.0.5",
      "resolved": "https://artifactory.secureserver.net/artifactory/api/npm/node-virt/is-date-object/-/is-date-object-1.0.5.tgz",
      "integrity": "sha1-CEHVU25yTCVZe/bqYuG9OCmN8x8=",
      "requires": {
        "has-tostringtag": "^1.0.0"
      }
    },
    "is-negative-zero": {
      "version": "2.0.2",
      "resolved": "https://artifactory.secureserver.net/artifactory/api/npm/node-virt/is-negative-zero/-/is-negative-zero-2.0.2.tgz",
      "integrity": "sha1-e/bwOigAO4s5Zd46wm9mTXZfMVA="
    },
    "is-number-object": {
      "version": "1.0.6",
      "resolved": "https://artifactory.secureserver.net/artifactory/api/npm/node-virt/is-number-object/-/is-number-object-1.0.6.tgz",
      "integrity": "sha1-anqvg4x/BoalC0VT9+VKlklOifA=",
      "requires": {
        "has-tostringtag": "^1.0.0"
      }
    },
    "is-regex": {
      "version": "1.1.4",
      "resolved": "https://artifactory.secureserver.net/artifactory/api/npm/node-virt/is-regex/-/is-regex-1.1.4.tgz",
      "integrity": "sha1-7vVmPNWfpMCuM5UFMj32hUuxWVg=",
      "requires": {
        "call-bind": "^1.0.2",
        "has-tostringtag": "^1.0.0"
      }
    },
    "is-shared-array-buffer": {
      "version": "1.0.1",
      "resolved": "https://artifactory.secureserver.net/artifactory/api/npm/node-virt/is-shared-array-buffer/-/is-shared-array-buffer-1.0.1.tgz",
      "integrity": "sha1-l7DIX72stZycRG/mU7gs8rW3z+Y="
    },
    "is-string": {
      "version": "1.0.7",
      "resolved": "https://artifactory.secureserver.net/artifactory/api/npm/node-virt/is-string/-/is-string-1.0.7.tgz",
      "integrity": "sha1-DdEr8gBvJVu1j2lREO/3SR7rwP0=",
      "requires": {
        "has-tostringtag": "^1.0.0"
      }
    },
    "is-symbol": {
      "version": "1.0.4",
      "resolved": "https://artifactory.secureserver.net/artifactory/api/npm/node-virt/is-symbol/-/is-symbol-1.0.4.tgz",
      "integrity": "sha1-ptrJO2NbBjymhyI23oiRClevE5w=",
      "requires": {
        "has-symbols": "^1.0.2"
      }
    },
    "is-weakref": {
      "version": "1.0.2",
      "resolved": "https://artifactory.secureserver.net/artifactory/api/npm/node-virt/is-weakref/-/is-weakref-1.0.2.tgz",
      "integrity": "sha1-lSnzg6kzggXol2XgOS78LxAPBvI=",
      "requires": {
        "call-bind": "^1.0.2"
      }
    },
    "js-tokens": {
      "version": "4.0.0",
      "resolved": "https://artifactory.secureserver.net/artifactory/api/npm/node-virt/js-tokens/-/js-tokens-4.0.0.tgz",
      "integrity": "sha1-GSA/tZmR35jjoocFDUZHzerzJJk="
    },
    "jsonc-parser": {
      "version": "3.0.0",
      "resolved": "https://artifactory.secureserver.net/artifactory/api/npm/node-virt/jsonc-parser/-/jsonc-parser-3.0.0.tgz",
      "integrity": "sha1-q914VwHH5+rKip7IzwcMpRp0WiI="
    },
    "jsx-ast-utils": {
      "version": "3.2.1",
      "resolved": "https://artifactory.secureserver.net/artifactory/api/npm/node-virt/jsx-ast-utils/-/jsx-ast-utils-3.2.1.tgz",
      "integrity": "sha1-cguXv+fZAbkn2Hw3c2N66OpIeBs=",
      "requires": {
        "array-includes": "^3.1.3",
        "object.assign": "^4.1.2"
      }
    },
    "language-subtag-registry": {
      "version": "0.3.21",
      "resolved": "https://artifactory.secureserver.net/artifactory/api/npm/node-virt/language-subtag-registry/-/language-subtag-registry-0.3.21.tgz",
      "integrity": "sha1-BKwhi+pG8EywOQhGAsbanniN1Fo="
    },
    "language-tags": {
      "version": "1.0.5",
      "resolved": "https://artifactory.secureserver.net/artifactory/api/npm/node-virt/language-tags/-/language-tags-1.0.5.tgz",
      "integrity": "sha1-0yHbxNowuovzAk4ED6XBRmH5GTo=",
      "requires": {
        "language-subtag-registry": "~0.3.2"
      }
    },
    "lodash": {
      "version": "4.17.21",
      "resolved": "https://artifactory.secureserver.net/artifactory/api/npm/node-virt/lodash/-/lodash-4.17.21.tgz",
      "integrity": "sha1-Z5WRxWTDv/quhFTPCz3zcMPWkRw="
    },
    "loose-envify": {
      "version": "1.4.0",
      "resolved": "https://artifactory.secureserver.net/artifactory/api/npm/node-virt/loose-envify/-/loose-envify-1.4.0.tgz",
      "integrity": "sha1-ce5R+nvkyuwaY4OffmgtgTLTDK8=",
      "requires": {
        "js-tokens": "^3.0.0 || ^4.0.0"
      }
    },
    "minimatch": {
      "version": "3.0.4",
      "resolved": "https://artifactory.secureserver.net/artifactory/api/npm/node-virt/minimatch/-/minimatch-3.0.4.tgz",
      "integrity": "sha1-UWbihkV/AzBgZL5Ul+jbsMPTIIM=",
      "requires": {
        "brace-expansion": "^1.1.7"
      }
    },
    "object-assign": {
      "version": "4.1.1",
      "resolved": "https://artifactory.secureserver.net/artifactory/api/npm/node-virt/object-assign/-/object-assign-4.1.1.tgz",
      "integrity": "sha1-IQmtx5ZYh8/AXLvUQsrIv7s2CGM="
    },
    "object-inspect": {
      "version": "1.12.0",
      "resolved": "https://artifactory.secureserver.net/artifactory/api/npm/node-virt/object-inspect/-/object-inspect-1.12.0.tgz",
      "integrity": "sha1-biwSDoaP0f0Yy08YwxdB0NbndvA="
    },
    "object-keys": {
      "version": "1.1.1",
      "resolved": "https://artifactory.secureserver.net/artifactory/api/npm/node-virt/object-keys/-/object-keys-1.1.1.tgz",
      "integrity": "sha1-HEfyct8nfzsdrwYWd9nILiMixg4="
    },
    "object.assign": {
      "version": "4.1.2",
      "resolved": "https://artifactory.secureserver.net/artifactory/api/npm/node-virt/object.assign/-/object.assign-4.1.2.tgz",
      "integrity": "sha1-DtVKNC7Os3s4/3brgxoOeIy2OUA=",
      "requires": {
        "call-bind": "^1.0.0",
        "define-properties": "^1.1.3",
        "has-symbols": "^1.0.1",
        "object-keys": "^1.1.1"
      }
    },
    "object.entries": {
      "version": "1.1.5",
      "resolved": "https://artifactory.secureserver.net/artifactory/api/npm/node-virt/object.entries/-/object.entries-1.1.5.tgz",
      "integrity": "sha1-4azdF8TeLNltWghIfPuduE2IGGE=",
      "requires": {
        "call-bind": "^1.0.2",
        "define-properties": "^1.1.3",
        "es-abstract": "^1.19.1"
      }
    },
    "object.fromentries": {
      "version": "2.0.5",
      "resolved": "https://artifactory.secureserver.net/artifactory/api/npm/node-virt/object.fromentries/-/object.fromentries-2.0.5.tgz",
      "integrity": "sha1-ezeyBRCcIedB5gVyf+iwrV+gglE=",
      "requires": {
        "call-bind": "^1.0.2",
        "define-properties": "^1.1.3",
        "es-abstract": "^1.19.1"
      }
    },
    "object.hasown": {
      "version": "1.1.0",
      "resolved": "https://artifactory.secureserver.net/artifactory/api/npm/node-virt/object.hasown/-/object.hasown-1.1.0.tgz",
      "integrity": "sha1-cjLtJm800ZfRXKxYgCMvekeQr+U=",
      "requires": {
        "define-properties": "^1.1.3",
        "es-abstract": "^1.19.1"
      }
    },
    "object.values": {
      "version": "1.1.5",
      "resolved": "https://artifactory.secureserver.net/artifactory/api/npm/node-virt/object.values/-/object.values-1.1.5.tgz",
      "integrity": "sha1-lZ9j486e8QhyAzMIITHkpFm3Fqw=",
      "requires": {
        "call-bind": "^1.0.2",
        "define-properties": "^1.1.3",
        "es-abstract": "^1.19.1"
      }
    },
    "path-parse": {
      "version": "1.0.7",
      "resolved": "https://artifactory.secureserver.net/artifactory/api/npm/node-virt/path-parse/-/path-parse-1.0.7.tgz",
      "integrity": "sha1-+8EUtgykKzDZ2vWFjkvWi77bZzU="
    },
    "prop-types": {
      "version": "15.8.1",
      "resolved": "https://artifactory.secureserver.net/artifactory/api/npm/node-virt/prop-types/-/prop-types-15.8.1.tgz",
      "integrity": "sha1-Z9h78aaU9IQ1zzMsJK8QIUoxQLU=",
      "requires": {
        "loose-envify": "^1.4.0",
        "object-assign": "^4.1.1",
        "react-is": "^16.13.1"
      }
    },
    "ramda": {
      "version": "0.27.2",
      "resolved": "https://artifactory.secureserver.net/artifactory/api/npm/node-virt/ramda/-/ramda-0.27.2.tgz",
      "integrity": "sha1-hEYyJvfzbcM1kvb07WN0xIMGw/E="
    },
    "react-is": {
      "version": "16.13.1",
      "resolved": "https://artifactory.secureserver.net/artifactory/api/npm/node-virt/react-is/-/react-is-16.13.1.tgz",
      "integrity": "sha1-eJcppNw23imZ3BVt1sHZwYzqVqQ="
    },
    "regenerator-runtime": {
      "version": "0.13.9",
      "resolved": "https://artifactory.secureserver.net/artifactory/api/npm/node-virt/regenerator-runtime/-/regenerator-runtime-0.13.9.tgz",
      "integrity": "sha1-iSV0Kpj/2QgUmI11Zq0wyjsmO1I="
    },
    "regexp.prototype.flags": {
      "version": "1.3.1",
      "resolved": "https://artifactory.secureserver.net/artifactory/api/npm/node-virt/regexp.prototype.flags/-/regexp.prototype.flags-1.3.1.tgz",
      "integrity": "sha1-fvNSro0VnnWMDq3Kb4/LTu8HviY=",
      "requires": {
        "call-bind": "^1.0.2",
        "define-properties": "^1.1.3"
      }
    },
    "resolve": {
      "version": "2.0.0-next.3",
      "resolved": "https://artifactory.secureserver.net/artifactory/api/npm/node-virt/resolve/-/resolve-2.0.0-next.3.tgz",
      "integrity": "sha1-1BAWKT1KhYajnKXZtfFcvqH1XkY=",
      "requires": {
        "is-core-module": "^2.2.0",
        "path-parse": "^1.0.6"
      }
    },
    "semver": {
      "version": "6.3.0",
      "resolved": "https://artifactory.secureserver.net/artifactory/api/npm/node-virt/semver/-/semver-6.3.0.tgz",
      "integrity": "sha1-7gpkyK9ejO6mdoexM3YeG+y9HT0="
    },
    "side-channel": {
      "version": "1.0.4",
      "resolved": "https://artifactory.secureserver.net/artifactory/api/npm/node-virt/side-channel/-/side-channel-1.0.4.tgz",
      "integrity": "sha1-785cj9wQTudRslxY1CkAEfpeos8=",
      "requires": {
        "call-bind": "^1.0.0",
        "get-intrinsic": "^1.0.2",
        "object-inspect": "^1.9.0"
      }
    },
    "string.prototype.matchall": {
      "version": "4.0.6",
      "resolved": "https://artifactory.secureserver.net/artifactory/api/npm/node-virt/string.prototype.matchall/-/string.prototype.matchall-4.0.6.tgz",
      "integrity": "sha1-Wrtdq8lMew6iOA9lumELOlRLFfo=",
      "requires": {
        "call-bind": "^1.0.2",
        "define-properties": "^1.1.3",
        "es-abstract": "^1.19.1",
        "get-intrinsic": "^1.1.1",
        "has-symbols": "^1.0.2",
        "internal-slot": "^1.0.3",
        "regexp.prototype.flags": "^1.3.1",
        "side-channel": "^1.0.4"
      }
    },
    "string.prototype.trimend": {
      "version": "1.0.4",
      "resolved": "https://artifactory.secureserver.net/artifactory/api/npm/node-virt/string.prototype.trimend/-/string.prototype.trimend-1.0.4.tgz",
      "integrity": "sha1-51rpDClCxjUEaGwYsoe0oLGkX4A=",
      "requires": {
        "call-bind": "^1.0.2",
        "define-properties": "^1.1.3"
      }
    },
    "string.prototype.trimstart": {
      "version": "1.0.4",
      "resolved": "https://artifactory.secureserver.net/artifactory/api/npm/node-virt/string.prototype.trimstart/-/string.prototype.trimstart-1.0.4.tgz",
      "integrity": "sha1-s2OZr0qymZtMnGSL16P7K7Jv7u0=",
      "requires": {
        "call-bind": "^1.0.2",
        "define-properties": "^1.1.3"
      }
    },
    "unbox-primitive": {
      "version": "1.0.1",
      "resolved": "https://artifactory.secureserver.net/artifactory/api/npm/node-virt/unbox-primitive/-/unbox-primitive-1.0.1.tgz",
      "integrity": "sha1-CF4hViXsMWJXTciFmr7nilmxRHE=",
      "requires": {
        "function-bind": "^1.1.1",
        "has-bigints": "^1.0.1",
        "has-symbols": "^1.0.2",
        "which-boxed-primitive": "^1.0.2"
      }
    },
    "vscode-json-languageservice": {
      "version": "3.11.0",
      "resolved": "https://artifactory.secureserver.net/artifactory/api/npm/node-virt/vscode-json-languageservice/-/vscode-json-languageservice-3.11.0.tgz",
      "integrity": "sha1-rVdLNsQ0a9eDDx00taUhPTr40jI=",
      "requires": {
        "jsonc-parser": "^3.0.0",
        "vscode-languageserver-textdocument": "^1.0.1",
        "vscode-languageserver-types": "3.16.0-next.2",
        "vscode-nls": "^5.0.0",
        "vscode-uri": "^2.1.2"
      }
    },
    "vscode-languageserver-textdocument": {
      "version": "1.0.3",
      "resolved": "https://artifactory.secureserver.net/artifactory/api/npm/node-virt/vscode-languageserver-textdocument/-/vscode-languageserver-textdocument-1.0.3.tgz",
      "integrity": "sha1-h58mSb+lpuB7yLOSwj7eLfv0Pv8="
    },
    "vscode-languageserver-types": {
      "version": "3.16.0-next.2",
      "resolved": "https://artifactory.secureserver.net/artifactory/api/npm/node-virt/vscode-languageserver-types/-/vscode-languageserver-types-3.16.0-next.2.tgz",
      "integrity": "sha1-lAvRXJkilaZeroq2uFaKHo2qMIM="
    },
    "vscode-nls": {
      "version": "5.0.0",
      "resolved": "https://artifactory.secureserver.net/artifactory/api/npm/node-virt/vscode-nls/-/vscode-nls-5.0.0.tgz",
      "integrity": "sha1-mfDaC9nqfNpE5WWnTFSx8rwleEA="
    },
    "vscode-uri": {
      "version": "2.1.2",
      "resolved": "https://artifactory.secureserver.net/artifactory/api/npm/node-virt/vscode-uri/-/vscode-uri-2.1.2.tgz",
      "integrity": "sha1-yNQN6T61evMfPHFd1lDiyiwJbxw="
    },
    "which-boxed-primitive": {
      "version": "1.0.2",
      "resolved": "https://artifactory.secureserver.net/artifactory/api/npm/node-virt/which-boxed-primitive/-/which-boxed-primitive-1.0.2.tgz",
      "integrity": "sha1-E3V7yJsgmwSf5dhkMOIc9AqJqOY=",
      "requires": {
        "is-bigint": "^1.0.1",
        "is-boolean-object": "^1.1.0",
        "is-number-object": "^1.0.4",
        "is-string": "^1.0.5",
        "is-symbol": "^1.0.3"
      }
    }
  }
}
